
Microsoft Visual Studio Solution File, Format Version 12.00
# Visual Studio 14
VisualStudioVersion = 14.0.25420.1
MinimumVisualStudioVersion = 10.0.40219.1
Project("{FAE04EC0-301F-11D3-BF4B-00C04F79EFBC}") = "DelegatesAndEvents", "DelegatesAndEvents\DelegatesAndEvents.csproj", "{D0AABB84-609F-47C3-A402-BE3937E1EF9D}"
EndProject
Project("{FAE04EC0-301F-11D3-BF4B-00C04F79EFBC}") = "TestCaseClass", "TestCaseClass\TestCaseClass.csproj", "{0A9069A8-9836-4A2D-BFBC-1A8800F666D5}"
EndProject
Global
	GlobalSection(SolutionConfigurationPlatforms) = preSolution
		Debug|Any CPU = Debug|Any CPU
		Release|Any CPU = Release|Any CPU
	EndGlobalSection
	GlobalSection(ProjectConfigurationPlatforms) = postSolution
		{D0AABB84-609F-47C3-A402-BE3937E1EF9D}.Debug|Any CPU.ActiveCfg = Debug|Any CPU
		{D0AABB84-609F-47C3-A402-BE3937E1EF9D}.Debug|Any CPU.Build.0 = Debug|Any CPU
		{D0AABB84-609F-47C3-A402-BE3937E1EF9D}.Release|Any CPU.ActiveCfg = Release|Any CPU
		{D0AABB84-609F-47C3-A402-BE3937E1EF9D}.Release|Any CPU.Build.0 = Release|Any CPU
		{0A9069A8-9836-4A2D-BFBC-1A8800F666D5}.Debug|Any CPU.ActiveCfg = Debug|Any CPU
		{0A9069A8-9836-4A2D-BFBC-1A8800F666D5}.Debug|Any CPU.Build.0 = Debug|Any CPU
		{0A9069A8-9836-4A2D-BFBC-1A8800F666D5}.Release|Any CPU.ActiveCfg = Release|Any CPU
		{0A9069A8-9836-4A2D-BFBC-1A8800F666D5}.Release|Any CPU.Build.0 = Release|Any CPU
	EndGlobalSection
	GlobalSection(SolutionProperties) = preSolution
		HideSolutionNode = FALSE
	EndGlobalSection
EndGlobal
